
Microsoft Visual Studio Solution File, Format Version 12.00
# Visual Studio Version 16
VisualStudioVersion = 16.0.31313.79
MinimumVisualStudioVersion = 10.0.40219.1
Project("{2150E333-8FDC-42A3-9474-1A3956D46DE8}") = "01.Clients", "01.Clients", "{BCF98A9B-609D-4C6C-8B69-18B9076A4EC5}"
EndProject
Project("{2150E333-8FDC-42A3-9474-1A3956D46DE8}") = "02.Api.Gateways", "02.Api.Gateways", "{017DB36D-FF3A-4C6C-88EB-0A9887C9A913}"
EndProject
Project("{2150E333-8FDC-42A3-9474-1A3956D46DE8}") = "03.Services", "03.Services", "{664A0035-AA28-48E9-85E4-48D92F66ED36}"
EndProject
Project("{2150E333-8FDC-42A3-9474-1A3956D46DE8}") = "01.Identity", "01.Identity", "{6461656A-261E-4D25-BEBE-7370C455B4B5}"
EndProject
Project("{2150E333-8FDC-42A3-9474-1A3956D46DE8}") = "02.Catalog", "02.Catalog", "{493A36C4-9F29-445A-A074-D1C9F7BFA08A}"
EndProject
Project("{2150E333-8FDC-42A3-9474-1A3956D46DE8}") = "03.Customer", "03.Customer", "{06B9A713-6A6F-408E-B41B-305632DFF39D}"
EndProject
Project("{2150E333-8FDC-42A3-9474-1A3956D46DE8}") = "04.Order", "04.Order", "{916CAF8B-FCFE-440C-A3AC-493DD9A1DEB5}"
EndProject
Project("{9A19103F-16F7-4668-BE54-9A1E7A4F7556}") = "Catalog.Api", "Catalog.Api\Catalog.Api.csproj", "{306861CF-EA56-4F25-AF08-8DDC301BF423}"
EndProject
Project("{2150E333-8FDC-42A3-9474-1A3956D46DE8}") = "01.API", "01.API", "{D867C65B-BE1F-47A0-BE25-BA9893B52EE1}"
EndProject
Project("{2150E333-8FDC-42A3-9474-1A3956D46DE8}") = "02.Services", "02.Services", "{FE74C5F9-48D7-49E0-9084-D4ACB8B7CF5E}"
EndProject
Project("{2150E333-8FDC-42A3-9474-1A3956D46DE8}") = "03.Persistence", "03.Persistence", "{F4746446-CC3E-42C7-B249-42B29BB3A692}"
EndProject
Project("{2150E333-8FDC-42A3-9474-1A3956D46DE8}") = "04.Models", "04.Models", "{766CAD5F-F969-49A2-AF72-E58E40CC6B74}"
EndProject
Project("{9A19103F-16F7-4668-BE54-9A1E7A4F7556}") = "Catalog.Domain", "src\Services\Catalog\Catalog.Domain\Catalog.Domain.csproj", "{7EDC0536-F80D-45E5-8D7F-75F1ED538DEC}"
EndProject
Project("{9A19103F-16F7-4668-BE54-9A1E7A4F7556}") = "Catalog.Persistence.Database", "src\Services\Catalog\Catalog.Persistence.Database\Catalog.Persistence.Database.csproj", "{B2AFB229-E197-4386-B5C4-F34DC3D9EB3E}"
EndProject
Project("{9A19103F-16F7-4668-BE54-9A1E7A4F7556}") = "Catalog.Service.Quieries", "src\Services\Catalog\Catalog.Service.Quieries\Catalog.Service.Quieries.csproj", "{A986F154-8C77-4223-B3F3-9AAA56C04DF1}"
EndProject
Project("{2150E333-8FDC-42A3-9474-1A3956D46DE8}") = "Common", "Common", "{4EA21C29-6D47-4238-9E3D-8502F3F4174D}"
EndProject
Project("{9A19103F-16F7-4668-BE54-9A1E7A4F7556}") = "Service.Common.Collection", "src\Services\Service.Common.Collection\Service.Common.Collection.csproj", "{10DC3843-F5EC-4095-8F49-B68C71AE5598}"
EndProject
Project("{9A19103F-16F7-4668-BE54-9A1E7A4F7556}") = "Service.Common.Mapping", "src\Services\Service.Common.Mapping\Service.Common.Mapping.csproj", "{F38E3379-1817-4547-B329-C57CAE7CB32B}"
EndProject
Project("{9A19103F-16F7-4668-BE54-9A1E7A4F7556}") = "Service.Common.Paging", "src\Services\Service.Common.Paging\Service.Common.Paging.csproj", "{0AEDA691-D799-461F-AA50-8FB979C624A4}"
EndProject
Project("{9A19103F-16F7-4668-BE54-9A1E7A4F7556}") = "Catalog.Service.EventHandlers", "src\Services\Catalog\Catalog.Service.EventHandlers\Catalog.Service.EventHandlers.csproj", "{BE84FD0E-62EC-49B2-B3EC-0903BE52A2ED}"
EndProject
Project("{2150E333-8FDC-42A3-9474-1A3956D46DE8}") = "05.Common", "05.Common", "{0C415485-CAE0-4AFA-AFE7-1ACA475AA295}"
EndProject
Project("{9A19103F-16F7-4668-BE54-9A1E7A4F7556}") = "Catalog.Common", "src\Services\Catalog\Catalog.Common\Catalog.Common.csproj", "{1C48915B-2070-42A5-94DC-A4EE6D2442A5}"
EndProject
Project("{2150E333-8FDC-42A3-9474-1A3956D46DE8}") = "04.Common", "04.Common", "{BC53E640-4DDC-4367-B6EF-82512976F426}"
EndProject
Project("{9A19103F-16F7-4668-BE54-9A1E7A4F7556}") = "Common.Logging", "src\Common.Logging\Common.Logging.csproj", "{DC84BA9C-61DF-46C9-A003-764E83007991}"
EndProject
Project("{2150E333-8FDC-42A3-9474-1A3956D46DE8}") = "06.Testing", "06.Testing", "{DDB3F303-C852-4FCB-9167-5732278826C9}"
EndProject
Project("{9A19103F-16F7-4668-BE54-9A1E7A4F7556}") = "Catalog.Tests", "src\Services\Catalog\Catalog.Tests\Catalog.Tests\Catalog.Tests.csproj", "{6DF89C57-FD3C-4DCC-B511-61A7F5FF6BCD}"
EndProject
Project("{2150E333-8FDC-42A3-9474-1A3956D46DE8}") = "01.API", "01.API", "{83D21B64-B01E-4F77-86ED-1FC4C288098E}"
EndProject
Project("{2150E333-8FDC-42A3-9474-1A3956D46DE8}") = "02.Services", "02.Services", "{B36448EA-FF87-4395-9046-244D32DD4869}"
EndProject
Project("{2150E333-8FDC-42A3-9474-1A3956D46DE8}") = "03.Persistence", "03.Persistence", "{8221F53D-6116-48AE-B0D0-B116CF724164}"
EndProject
Project("{2150E333-8FDC-42A3-9474-1A3956D46DE8}") = "04.Models", "04.Models", "{BE778574-D8CE-44A3-B1A3-4A7B30095851}"
EndProject
Project("{2150E333-8FDC-42A3-9474-1A3956D46DE8}") = "05.Testing", "05.Testing", "{42D9020A-DCFA-443A-B268-2AFF67CF0296}"
EndProject
Project("{9A19103F-16F7-4668-BE54-9A1E7A4F7556}") = "Customer.Domain", "src\Services\Customer\Customer.Domain\Customer.Domain.csproj", "{596C783C-54A2-4262-BD92-635D1A755B81}"
EndProject
Project("{9A19103F-16F7-4668-BE54-9A1E7A4F7556}") = "Customer.Api", "src\Services\Customer\Customer.Api\Customer.Api.csproj", "{1839D10B-7AED-4C41-A73E-3521C1751065}"
EndProject
Project("{9A19103F-16F7-4668-BE54-9A1E7A4F7556}") = "Customer.Service.EventHandlers", "src\Services\Customer\Customer.Service.EventHandlers\Customer.Service.EventHandlers.csproj", "{13781E1C-A9D1-420A-A696-9AED6A4982B7}"
EndProject
Project("{9A19103F-16F7-4668-BE54-9A1E7A4F7556}") = "Customer.Service.Quieries", "src\Services\Customer\Customer.Service.Quieries\Customer.Service.Quieries.csproj", "{DF794B7B-3C78-417F-9C68-A9711C77DD1F}"
EndProject
Project("{9A19103F-16F7-4668-BE54-9A1E7A4F7556}") = "Customer.Persistence.Database", "src\Services\Customer\Customer.Persistence.Database\Customer.Persistence.Database.csproj", "{E1584608-1550-416B-B4F9-9F42F4157332}"
EndProject
Project("{2150E333-8FDC-42A3-9474-1A3956D46DE8}") = "01.API", "01.API", "{3A1BEEFF-2AF5-497F-8FA6-79DA9A5F680A}"
EndProject
Project("{2150E333-8FDC-42A3-9474-1A3956D46DE8}") = "02.Services", "02.Services", "{8793162A-093E-472A-B5C7-CC020F83E586}"
EndProject
Project("{2150E333-8FDC-42A3-9474-1A3956D46DE8}") = "03.Persistence", "03.Persistence", "{AB43533A-0173-4E3D-848E-4DFB2356F431}"
EndProject
Project("{2150E333-8FDC-42A3-9474-1A3956D46DE8}") = "04.Models", "04.Models", "{54A626F7-C2A3-4018-9524-E09DCFD5597D}"
EndProject
Project("{2150E333-8FDC-42A3-9474-1A3956D46DE8}") = "05.Common", "05.Common", "{5EF43198-72B9-4804-B41A-FE0F3C6F6021}"
EndProject
Project("{FAE04EC0-301F-11D3-BF4B-00C04F79EFBC}") = "Order.Api", "src\Services\Order\Order.Api\Order.Api.csproj", "{D0902F39-7254-41EA-9A6C-5CB600E4D853}"
EndProject
Project("{FAE04EC0-301F-11D3-BF4B-00C04F79EFBC}") = "Order.Service.EventHandlers", "src\Services\Order\Order.Service.EventHandlers\Order.Service.EventHandlers.csproj", "{3AE3E070-B8FB-4AA5-A2A7-F512CEE93B76}"
EndProject
Project("{FAE04EC0-301F-11D3-BF4B-00C04F79EFBC}") = "Order.Service.Quieries", "src\Services\Order\Order.Service.Quieries\Order.Service.Quieries.csproj", "{A637298F-392E-4C18-AE9E-82C0C85890D2}"
EndProject
Project("{FAE04EC0-301F-11D3-BF4B-00C04F79EFBC}") = "Order.Persistence.Database", "src\Services\Order\Order.Persistence.Database\Order.Persistence.Database.csproj", "{0F484988-688E-4DDF-B62D-E6C4235FD65C}"
EndProject
Project("{FAE04EC0-301F-11D3-BF4B-00C04F79EFBC}") = "Order.Domain", "src\Services\Order\Order.Domain\Order.Domain.csproj", "{278920AD-29B1-40CC-B157-198307081DA9}"
EndProject
Project("{2150E333-8FDC-42A3-9474-1A3956D46DE8}") = "06.Testing", "06.Testing", "{A6790D8E-42F8-4F26-86EE-BE07ACB48554}"
EndProject
Project("{FAE04EC0-301F-11D3-BF4B-00C04F79EFBC}") = "Order.Common", "src\Services\Order\Order.Common\Order.Common.csproj", "{3FD4C93F-C6DA-471C-A15A-0DD9E85CD37B}"
EndProject
Global
	GlobalSection(SolutionConfigurationPlatforms) = preSolution
		Debug|Any CPU = Debug|Any CPU
		Release|Any CPU = Release|Any CPU
	EndGlobalSection
	GlobalSection(ProjectConfigurationPlatforms) = postSolution
		{306861CF-EA56-4F25-AF08-8DDC301BF423}.Debug|Any CPU.ActiveCfg = Debug|Any CPU
		{306861CF-EA56-4F25-AF08-8DDC301BF423}.Debug|Any CPU.Build.0 = Debug|Any CPU
		{306861CF-EA56-4F25-AF08-8DDC301BF423}.Release|Any CPU.ActiveCfg = Release|Any CPU
		{306861CF-EA56-4F25-AF08-8DDC301BF423}.Release|Any CPU.Build.0 = Release|Any CPU
		{7EDC0536-F80D-45E5-8D7F-75F1ED538DEC}.Debug|Any CPU.ActiveCfg = Debug|Any CPU
		{7EDC0536-F80D-45E5-8D7F-75F1ED538DEC}.Debug|Any CPU.Build.0 = Debug|Any CPU
		{7EDC0536-F80D-45E5-8D7F-75F1ED538DEC}.Release|Any CPU.ActiveCfg = Release|Any CPU
		{7EDC0536-F80D-45E5-8D7F-75F1ED538DEC}.Release|Any CPU.Build.0 = Release|Any CPU
		{B2AFB229-E197-4386-B5C4-F34DC3D9EB3E}.Debug|Any CPU.ActiveCfg = Debug|Any CPU
		{B2AFB229-E197-4386-B5C4-F34DC3D9EB3E}.Debug|Any CPU.Build.0 = Debug|Any CPU
		{B2AFB229-E197-4386-B5C4-F34DC3D9EB3E}.Release|Any CPU.ActiveCfg = Release|Any CPU
		{B2AFB229-E197-4386-B5C4-F34DC3D9EB3E}.Release|Any CPU.Build.0 = Release|Any CPU
		{A986F154-8C77-4223-B3F3-9AAA56C04DF1}.Debug|Any CPU.ActiveCfg = Debug|Any CPU
		{A986F154-8C77-4223-B3F3-9AAA56C04DF1}.Debug|Any CPU.Build.0 = Debug|Any CPU
		{A986F154-8C77-4223-B3F3-9AAA56C04DF1}.Release|Any CPU.ActiveCfg = Release|Any CPU
		{A986F154-8C77-4223-B3F3-9AAA56C04DF1}.Release|Any CPU.Build.0 = Release|Any CPU
		{10DC3843-F5EC-4095-8F49-B68C71AE5598}.Debug|Any CPU.ActiveCfg = Debug|Any CPU
		{10DC3843-F5EC-4095-8F49-B68C71AE5598}.Debug|Any CPU.Build.0 = Debug|Any CPU
		{10DC3843-F5EC-4095-8F49-B68C71AE5598}.Release|Any CPU.ActiveCfg = Release|Any CPU
		{10DC3843-F5EC-4095-8F49-B68C71AE5598}.Release|Any CPU.Build.0 = Release|Any CPU
		{F38E3379-1817-4547-B329-C57CAE7CB32B}.Debug|Any CPU.ActiveCfg = Debug|Any CPU
		{F38E3379-1817-4547-B329-C57CAE7CB32B}.Debug|Any CPU.Build.0 = Debug|Any CPU
		{F38E3379-1817-4547-B329-C57CAE7CB32B}.Release|Any CPU.ActiveCfg = Release|Any CPU
		{F38E3379-1817-4547-B329-C57CAE7CB32B}.Release|Any CPU.Build.0 = Release|Any CPU
		{0AEDA691-D799-461F-AA50-8FB979C624A4}.Debug|Any CPU.ActiveCfg = Debug|Any CPU
		{0AEDA691-D799-461F-AA50-8FB979C624A4}.Debug|Any CPU.Build.0 = Debug|Any CPU
		{0AEDA691-D799-461F-AA50-8FB979C624A4}.Release|Any CPU.ActiveCfg = Release|Any CPU
		{0AEDA691-D799-461F-AA50-8FB979C624A4}.Release|Any CPU.Build.0 = Release|Any CPU
		{BE84FD0E-62EC-49B2-B3EC-0903BE52A2ED}.Debug|Any CPU.ActiveCfg = Debug|Any CPU
		{BE84FD0E-62EC-49B2-B3EC-0903BE52A2ED}.Debug|Any CPU.Build.0 = Debug|Any CPU
		{BE84FD0E-62EC-49B2-B3EC-0903BE52A2ED}.Release|Any CPU.ActiveCfg = Release|Any CPU
		{BE84FD0E-62EC-49B2-B3EC-0903BE52A2ED}.Release|Any CPU.Build.0 = Release|Any CPU
		{1C48915B-2070-42A5-94DC-A4EE6D2442A5}.Debug|Any CPU.ActiveCfg = Debug|Any CPU
		{1C48915B-2070-42A5-94DC-A4EE6D2442A5}.Debug|Any CPU.Build.0 = Debug|Any CPU
		{1C48915B-2070-42A5-94DC-A4EE6D2442A5}.Release|Any CPU.ActiveCfg = Release|Any CPU
		{1C48915B-2070-42A5-94DC-A4EE6D2442A5}.Release|Any CPU.Build.0 = Release|Any CPU
		{DC84BA9C-61DF-46C9-A003-764E83007991}.Debug|Any CPU.ActiveCfg = Debug|Any CPU
		{DC84BA9C-61DF-46C9-A003-764E83007991}.Debug|Any CPU.Build.0 = Debug|Any CPU
		{DC84BA9C-61DF-46C9-A003-764E83007991}.Release|Any CPU.ActiveCfg = Release|Any CPU
		{DC84BA9C-61DF-46C9-A003-764E83007991}.Release|Any CPU.Build.0 = Release|Any CPU
		{6DF89C57-FD3C-4DCC-B511-61A7F5FF6BCD}.Debug|Any CPU.ActiveCfg = Debug|Any CPU
		{6DF89C57-FD3C-4DCC-B511-61A7F5FF6BCD}.Debug|Any CPU.Build.0 = Debug|Any CPU
		{6DF89C57-FD3C-4DCC-B511-61A7F5FF6BCD}.Release|Any CPU.ActiveCfg = Release|Any CPU
		{6DF89C57-FD3C-4DCC-B511-61A7F5FF6BCD}.Release|Any CPU.Build.0 = Release|Any CPU
		{596C783C-54A2-4262-BD92-635D1A755B81}.Debug|Any CPU.ActiveCfg = Debug|Any CPU
		{596C783C-54A2-4262-BD92-635D1A755B81}.Debug|Any CPU.Build.0 = Debug|Any CPU
		{596C783C-54A2-4262-BD92-635D1A755B81}.Release|Any CPU.ActiveCfg = Release|Any CPU
		{596C783C-54A2-4262-BD92-635D1A755B81}.Release|Any CPU.Build.0 = Release|Any CPU
		{1839D10B-7AED-4C41-A73E-3521C1751065}.Debug|Any CPU.ActiveCfg = Debug|Any CPU
		{1839D10B-7AED-4C41-A73E-3521C1751065}.Debug|Any CPU.Build.0 = Debug|Any CPU
		{1839D10B-7AED-4C41-A73E-3521C1751065}.Release|Any CPU.ActiveCfg = Release|Any CPU
		{1839D10B-7AED-4C41-A73E-3521C1751065}.Release|Any CPU.Build.0 = Release|Any CPU
		{13781E1C-A9D1-420A-A696-9AED6A4982B7}.Debug|Any CPU.ActiveCfg = Debug|Any CPU
		{13781E1C-A9D1-420A-A696-9AED6A4982B7}.Debug|Any CPU.Build.0 = Debug|Any CPU
		{13781E1C-A9D1-420A-A696-9AED6A4982B7}.Release|Any CPU.ActiveCfg = Release|Any CPU
		{13781E1C-A9D1-420A-A696-9AED6A4982B7}.Release|Any CPU.Build.0 = Release|Any CPU
		{DF794B7B-3C78-417F-9C68-A9711C77DD1F}.Debug|Any CPU.ActiveCfg = Debug|Any CPU
		{DF794B7B-3C78-417F-9C68-A9711C77DD1F}.Debug|Any CPU.Build.0 = Debug|Any CPU
		{DF794B7B-3C78-417F-9C68-A9711C77DD1F}.Release|Any CPU.ActiveCfg = Release|Any CPU
		{DF794B7B-3C78-417F-9C68-A9711C77DD1F}.Release|Any CPU.Build.0 = Release|Any CPU
		{E1584608-1550-416B-B4F9-9F42F4157332}.Debug|Any CPU.ActiveCfg = Debug|Any CPU
		{E1584608-1550-416B-B4F9-9F42F4157332}.Debug|Any CPU.Build.0 = Debug|Any CPU
		{E1584608-1550-416B-B4F9-9F42F4157332}.Release|Any CPU.ActiveCfg = Release|Any CPU
		{E1584608-1550-416B-B4F9-9F42F4157332}.Release|Any CPU.Build.0 = Release|Any CPU
		{D0902F39-7254-41EA-9A6C-5CB600E4D853}.Debug|Any CPU.ActiveCfg = Debug|Any CPU
		{D0902F39-7254-41EA-9A6C-5CB600E4D853}.Debug|Any CPU.Build.0 = Debug|Any CPU
		{D0902F39-7254-41EA-9A6C-5CB600E4D853}.Release|Any CPU.ActiveCfg = Release|Any CPU
		{D0902F39-7254-41EA-9A6C-5CB600E4D853}.Release|Any CPU.Build.0 = Release|Any CPU
		{3AE3E070-B8FB-4AA5-A2A7-F512CEE93B76}.Debug|Any CPU.ActiveCfg = Debug|Any CPU
		{3AE3E070-B8FB-4AA5-A2A7-F512CEE93B76}.Debug|Any CPU.Build.0 = Debug|Any CPU
		{3AE3E070-B8FB-4AA5-A2A7-F512CEE93B76}.Release|Any CPU.ActiveCfg = Release|Any CPU
		{3AE3E070-B8FB-4AA5-A2A7-F512CEE93B76}.Release|Any CPU.Build.0 = Release|Any CPU
		{A637298F-392E-4C18-AE9E-82C0C85890D2}.Debug|Any CPU.ActiveCfg = Debug|Any CPU
		{A637298F-392E-4C18-AE9E-82C0C85890D2}.Debug|Any CPU.Build.0 = Debug|Any CPU
		{A637298F-392E-4C18-AE9E-82C0C85890D2}.Release|Any CPU.ActiveCfg = Release|Any CPU
		{A637298F-392E-4C18-AE9E-82C0C85890D2}.Release|Any CPU.Build.0 = Release|Any CPU
		{0F484988-688E-4DDF-B62D-E6C4235FD65C}.Debug|Any CPU.ActiveCfg = Debug|Any CPU
		{0F484988-688E-4DDF-B62D-E6C4235FD65C}.Debug|Any CPU.Build.0 = Debug|Any CPU
		{0F484988-688E-4DDF-B62D-E6C4235FD65C}.Release|Any CPU.ActiveCfg = Release|Any CPU
		{0F484988-688E-4DDF-B62D-E6C4235FD65C}.Release|Any CPU.Build.0 = Release|Any CPU
		{278920AD-29B1-40CC-B157-198307081DA9}.Debug|Any CPU.ActiveCfg = Debug|Any CPU
		{278920AD-29B1-40CC-B157-198307081DA9}.Debug|Any CPU.Build.0 = Debug|Any CPU
		{278920AD-29B1-40CC-B157-198307081DA9}.Release|Any CPU.ActiveCfg = Release|Any CPU
		{278920AD-29B1-40CC-B157-198307081DA9}.Release|Any CPU.Build.0 = Release|Any CPU
		{3FD4C93F-C6DA-471C-A15A-0DD9E85CD37B}.Debug|Any CPU.ActiveCfg = Debug|Any CPU
		{3FD4C93F-C6DA-471C-A15A-0DD9E85CD37B}.Debug|Any CPU.Build.0 = Debug|Any CPU
		{3FD4C93F-C6DA-471C-A15A-0DD9E85CD37B}.Release|Any CPU.ActiveCfg = Release|Any CPU
		{3FD4C93F-C6DA-471C-A15A-0DD9E85CD37B}.Release|Any CPU.Build.0 = Release|Any CPU
	EndGlobalSection
	GlobalSection(SolutionProperties) = preSolution
		HideSolutionNode = FALSE
	EndGlobalSection
	GlobalSection(NestedProjects) = preSolution
		{6461656A-261E-4D25-BEBE-7370C455B4B5} = {664A0035-AA28-48E9-85E4-48D92F66ED36}
		{493A36C4-9F29-445A-A074-D1C9F7BFA08A} = {664A0035-AA28-48E9-85E4-48D92F66ED36}
		{06B9A713-6A6F-408E-B41B-305632DFF39D} = {664A0035-AA28-48E9-85E4-48D92F66ED36}
		{916CAF8B-FCFE-440C-A3AC-493DD9A1DEB5} = {664A0035-AA28-48E9-85E4-48D92F66ED36}
		{306861CF-EA56-4F25-AF08-8DDC301BF423} = {D867C65B-BE1F-47A0-BE25-BA9893B52EE1}
		{D867C65B-BE1F-47A0-BE25-BA9893B52EE1} = {493A36C4-9F29-445A-A074-D1C9F7BFA08A}
		{FE74C5F9-48D7-49E0-9084-D4ACB8B7CF5E} = {493A36C4-9F29-445A-A074-D1C9F7BFA08A}
		{F4746446-CC3E-42C7-B249-42B29BB3A692} = {493A36C4-9F29-445A-A074-D1C9F7BFA08A}
		{766CAD5F-F969-49A2-AF72-E58E40CC6B74} = {493A36C4-9F29-445A-A074-D1C9F7BFA08A}
		{7EDC0536-F80D-45E5-8D7F-75F1ED538DEC} = {766CAD5F-F969-49A2-AF72-E58E40CC6B74}
		{B2AFB229-E197-4386-B5C4-F34DC3D9EB3E} = {F4746446-CC3E-42C7-B249-42B29BB3A692}
		{A986F154-8C77-4223-B3F3-9AAA56C04DF1} = {FE74C5F9-48D7-49E0-9084-D4ACB8B7CF5E}
		{4EA21C29-6D47-4238-9E3D-8502F3F4174D} = {664A0035-AA28-48E9-85E4-48D92F66ED36}
		{10DC3843-F5EC-4095-8F49-B68C71AE5598} = {4EA21C29-6D47-4238-9E3D-8502F3F4174D}
		{F38E3379-1817-4547-B329-C57CAE7CB32B} = {4EA21C29-6D47-4238-9E3D-8502F3F4174D}
		{0AEDA691-D799-461F-AA50-8FB979C624A4} = {4EA21C29-6D47-4238-9E3D-8502F3F4174D}
		{BE84FD0E-62EC-49B2-B3EC-0903BE52A2ED} = {FE74C5F9-48D7-49E0-9084-D4ACB8B7CF5E}
		{0C415485-CAE0-4AFA-AFE7-1ACA475AA295} = {493A36C4-9F29-445A-A074-D1C9F7BFA08A}
		{1C48915B-2070-42A5-94DC-A4EE6D2442A5} = {0C415485-CAE0-4AFA-AFE7-1ACA475AA295}
		{DC84BA9C-61DF-46C9-A003-764E83007991} = {BC53E640-4DDC-4367-B6EF-82512976F426}
		{DDB3F303-C852-4FCB-9167-5732278826C9} = {493A36C4-9F29-445A-A074-D1C9F7BFA08A}
		{6DF89C57-FD3C-4DCC-B511-61A7F5FF6BCD} = {DDB3F303-C852-4FCB-9167-5732278826C9}
		{83D21B64-B01E-4F77-86ED-1FC4C288098E} = {06B9A713-6A6F-408E-B41B-305632DFF39D}
		{B36448EA-FF87-4395-9046-244D32DD4869} = {06B9A713-6A6F-408E-B41B-305632DFF39D}
		{8221F53D-6116-48AE-B0D0-B116CF724164} = {06B9A713-6A6F-408E-B41B-305632DFF39D}
		{BE778574-D8CE-44A3-B1A3-4A7B30095851} = {06B9A713-6A6F-408E-B41B-305632DFF39D}
		{42D9020A-DCFA-443A-B268-2AFF67CF0296} = {06B9A713-6A6F-408E-B41B-305632DFF39D}
		{596C783C-54A2-4262-BD92-635D1A755B81} = {BE778574-D8CE-44A3-B1A3-4A7B30095851}
		{1839D10B-7AED-4C41-A73E-3521C1751065} = {83D21B64-B01E-4F77-86ED-1FC4C288098E}
		{13781E1C-A9D1-420A-A696-9AED6A4982B7} = {B36448EA-FF87-4395-9046-244D32DD4869}
		{DF794B7B-3C78-417F-9C68-A9711C77DD1F} = {B36448EA-FF87-4395-9046-244D32DD4869}
		{E1584608-1550-416B-B4F9-9F42F4157332} = {8221F53D-6116-48AE-B0D0-B116CF724164}
		{3A1BEEFF-2AF5-497F-8FA6-79DA9A5F680A} = {916CAF8B-FCFE-440C-A3AC-493DD9A1DEB5}
		{8793162A-093E-472A-B5C7-CC020F83E586} = {916CAF8B-FCFE-440C-A3AC-493DD9A1DEB5}
		{AB43533A-0173-4E3D-848E-4DFB2356F431} = {916CAF8B-FCFE-440C-A3AC-493DD9A1DEB5}
		{54A626F7-C2A3-4018-9524-E09DCFD5597D} = {916CAF8B-FCFE-440C-A3AC-493DD9A1DEB5}
		{5EF43198-72B9-4804-B41A-FE0F3C6F6021} = {916CAF8B-FCFE-440C-A3AC-493DD9A1DEB5}
		{D0902F39-7254-41EA-9A6C-5CB600E4D853} = {3A1BEEFF-2AF5-497F-8FA6-79DA9A5F680A}
		{3AE3E070-B8FB-4AA5-A2A7-F512CEE93B76} = {8793162A-093E-472A-B5C7-CC020F83E586}
		{A637298F-392E-4C18-AE9E-82C0C85890D2} = {8793162A-093E-472A-B5C7-CC020F83E586}
		{0F484988-688E-4DDF-B62D-E6C4235FD65C} = {AB43533A-0173-4E3D-848E-4DFB2356F431}
		{278920AD-29B1-40CC-B157-198307081DA9} = {54A626F7-C2A3-4018-9524-E09DCFD5597D}
		{A6790D8E-42F8-4F26-86EE-BE07ACB48554} = {916CAF8B-FCFE-440C-A3AC-493DD9A1DEB5}
		{3FD4C93F-C6DA-471C-A15A-0DD9E85CD37B} = {5EF43198-72B9-4804-B41A-FE0F3C6F6021}
	EndGlobalSection
	GlobalSection(ExtensibilityGlobals) = postSolution
		SolutionGuid = {CB6E67BC-A046-49BB-886C-DA774AD6853A}
	EndGlobalSection
EndGlobal
